
Microsoft Visual Studio Solution File, Format Version 12.00
# Visual Studio Version 16
VisualStudioVersion = 16.0.31005.135
MinimumVisualStudioVersion = 10.0.40219.1
Project("{9A19103F-16F7-4668-BE54-9A1E7A4F7556}") = "UpvoteBot", "UpvoteBot\UpvoteBot.csproj", "{CD8FD0B8-85CB-4DA8-96F0-B2D66AC98080}"
EndProject
Global
	GlobalSection(SolutionConfigurationPlatforms) = preSolution
		Debug|Any CPU = Debug|Any CPU
		Release|Any CPU = Release|Any CPU
	EndGlobalSection
	GlobalSection(ProjectConfigurationPlatforms) = postSolution
		{CD8FD0B8-85CB-4DA8-96F0-B2D66AC98080}.Debug|Any CPU.ActiveCfg = Debug|Any CPU
		{CD8FD0B8-85CB-4DA8-96F0-B2D66AC98080}.Debug|Any CPU.Build.0 = Debug|Any CPU
		{CD8FD0B8-85CB-4DA8-96F0-B2D66AC98080}.Release|Any CPU.ActiveCfg = Release|Any CPU
		{CD8FD0B8-85CB-4DA8-96F0-B2D66AC98080}.Release|Any CPU.Build.0 = Release|Any CPU
	EndGlobalSection
	GlobalSection(SolutionProperties) = preSolution
		HideSolutionNode = FALSE
	EndGlobalSection
	GlobalSection(ExtensibilityGlobals) = postSolution
		SolutionGuid = {323AB10C-56FD-4DDA-94F7-FD60293919DE}
	EndGlobalSection
EndGlobal
